
Microsoft Visual Studio Solution File, Format Version 12.00
Project("{FAE04EC0-301F-11D3-BF4B-00C04F79EFBC}") = "Domain", "Domain\Domain.csproj", "{B35E6B32-CE02-4DCD-9EB0-EA861FE7B32E}"
EndProject
Project("{FAE04EC0-301F-11D3-BF4B-00C04F79EFBC}") = "Application", "Application\Application.csproj", "{BBE280E6-5D6F-44C8-BDC6-87E3E0455F1A}"
	ProjectSection(ProjectDependencies) = postProject
		{B35E6B32-CE02-4DCD-9EB0-EA861FE7B32E} = {B35E6B32-CE02-4DCD-9EB0-EA861FE7B32E}
	EndProjectSection
EndProject
Project("{2150E333-8FDC-42A3-9474-1A3956D46DE8}") = "Application", "Application", "{8E528087-FC2B-4E91-A1D4-2BAF90BF996A}"
EndProject
Project("{2150E333-8FDC-42A3-9474-1A3956D46DE8}") = "Domain", "Domain", "{57D8A1FD-EA03-43A3-ABC2-C50B59BF7062}"
EndProject
Project("{2150E333-8FDC-42A3-9474-1A3956D46DE8}") = "Infrastructure", "Infrastructure", "{DFE097D3-19A4-40D8-961A-C993E349168A}"
EndProject
Project("{2150E333-8FDC-42A3-9474-1A3956D46DE8}") = "WebAPI", "WebAPI", "{249E12FD-FC73-4C96-A908-502585CE1AFE}"
EndProject
Project("{FAE04EC0-301F-11D3-BF4B-00C04F79EFBC}") = "Infrastructure", "Infrastructure\Infrastructure.csproj", "{1F69737B-6848-4EA4-ABF9-55F74F783C2C}"
	ProjectSection(ProjectDependencies) = postProject
		{B35E6B32-CE02-4DCD-9EB0-EA861FE7B32E} = {B35E6B32-CE02-4DCD-9EB0-EA861FE7B32E}
		{BBE280E6-5D6F-44C8-BDC6-87E3E0455F1A} = {BBE280E6-5D6F-44C8-BDC6-87E3E0455F1A}
	EndProjectSection
EndProject
Project("{FAE04EC0-301F-11D3-BF4B-00C04F79EFBC}") = "LearnBuddyAPI", "LearnBuddyAPI\LearnBuddyAPI.csproj", "{33DD3162-6C6D-42DC-8ECB-2790DD51BDC7}"
	ProjectSection(ProjectDependencies) = postProject
		{BBE280E6-5D6F-44C8-BDC6-87E3E0455F1A} = {BBE280E6-5D6F-44C8-BDC6-87E3E0455F1A}
		{B35E6B32-CE02-4DCD-9EB0-EA861FE7B32E} = {B35E6B32-CE02-4DCD-9EB0-EA861FE7B32E}
		{1F69737B-6848-4EA4-ABF9-55F74F783C2C} = {1F69737B-6848-4EA4-ABF9-55F74F783C2C}
	EndProjectSection
EndProject
Project("{2150E333-8FDC-42A3-9474-1A3956D46DE8}") = "src", "src", "{4BB2D55D-9C81-4A90-B0E8-C9D663B21AA5}"
EndProject
Project("{2150E333-8FDC-42A3-9474-1A3956D46DE8}") = "tests", "tests", "{374AD3A6-7C3B-478C-84C2-01F5683DF672}"
EndProject
Project("{2150E333-8FDC-42A3-9474-1A3956D46DE8}") = "Unit Tests", "Unit Tests", "{E6168CF3-E896-4D32-8F43-E1F9A1517FAB}"
EndProject
Project("{2150E333-8FDC-42A3-9474-1A3956D46DE8}") = "Integration Tests", "Integration Tests", "{3F47A853-44D4-4855-A372-2E3904923308}"
EndProject
Project("{FAE04EC0-301F-11D3-BF4B-00C04F79EFBC}") = "LearnBuddy.Application.UnitTests", "LearnBuddy.Application.UnitTests\LearnBuddy.Application.UnitTests.csproj", "{34201B46-4D83-481A-81AA-AE5747FD45C7}"
	ProjectSection(ProjectDependencies) = postProject
		{BBE280E6-5D6F-44C8-BDC6-87E3E0455F1A} = {BBE280E6-5D6F-44C8-BDC6-87E3E0455F1A}
		{B35E6B32-CE02-4DCD-9EB0-EA861FE7B32E} = {B35E6B32-CE02-4DCD-9EB0-EA861FE7B32E}
		{1F69737B-6848-4EA4-ABF9-55F74F783C2C} = {1F69737B-6848-4EA4-ABF9-55F74F783C2C}
		{33DD3162-6C6D-42DC-8ECB-2790DD51BDC7} = {33DD3162-6C6D-42DC-8ECB-2790DD51BDC7}
	EndProjectSection
EndProject
Project("{FAE04EC0-301F-11D3-BF4B-00C04F79EFBC}") = "LearnBuddy.IntegrationTests", "LearnBuddy.IntegrationTests\LearnBuddy.IntegrationTests.csproj", "{42494E5E-009A-4004-A01E-D0E5FC2D8B99}"
	ProjectSection(ProjectDependencies) = postProject
		{BBE280E6-5D6F-44C8-BDC6-87E3E0455F1A} = {BBE280E6-5D6F-44C8-BDC6-87E3E0455F1A}
		{B35E6B32-CE02-4DCD-9EB0-EA861FE7B32E} = {B35E6B32-CE02-4DCD-9EB0-EA861FE7B32E}
		{1F69737B-6848-4EA4-ABF9-55F74F783C2C} = {1F69737B-6848-4EA4-ABF9-55F74F783C2C}
		{33DD3162-6C6D-42DC-8ECB-2790DD51BDC7} = {33DD3162-6C6D-42DC-8ECB-2790DD51BDC7}
	EndProjectSection
EndProject
Global
	GlobalSection(SolutionConfigurationPlatforms) = preSolution
		Debug|Any CPU = Debug|Any CPU
		Release|Any CPU = Release|Any CPU
	EndGlobalSection
	GlobalSection(ProjectConfigurationPlatforms) = postSolution
		{B35E6B32-CE02-4DCD-9EB0-EA861FE7B32E}.Debug|Any CPU.ActiveCfg = Debug|Any CPU
		{B35E6B32-CE02-4DCD-9EB0-EA861FE7B32E}.Debug|Any CPU.Build.0 = Debug|Any CPU
		{B35E6B32-CE02-4DCD-9EB0-EA861FE7B32E}.Release|Any CPU.ActiveCfg = Release|Any CPU
		{B35E6B32-CE02-4DCD-9EB0-EA861FE7B32E}.Release|Any CPU.Build.0 = Release|Any CPU
		{BBE280E6-5D6F-44C8-BDC6-87E3E0455F1A}.Debug|Any CPU.ActiveCfg = Debug|Any CPU
		{BBE280E6-5D6F-44C8-BDC6-87E3E0455F1A}.Debug|Any CPU.Build.0 = Debug|Any CPU
		{BBE280E6-5D6F-44C8-BDC6-87E3E0455F1A}.Release|Any CPU.ActiveCfg = Release|Any CPU
		{BBE280E6-5D6F-44C8-BDC6-87E3E0455F1A}.Release|Any CPU.Build.0 = Release|Any CPU
		{1F69737B-6848-4EA4-ABF9-55F74F783C2C}.Debug|Any CPU.ActiveCfg = Debug|Any CPU
		{1F69737B-6848-4EA4-ABF9-55F74F783C2C}.Debug|Any CPU.Build.0 = Debug|Any CPU
		{1F69737B-6848-4EA4-ABF9-55F74F783C2C}.Release|Any CPU.ActiveCfg = Release|Any CPU
		{1F69737B-6848-4EA4-ABF9-55F74F783C2C}.Release|Any CPU.Build.0 = Release|Any CPU
		{33DD3162-6C6D-42DC-8ECB-2790DD51BDC7}.Debug|Any CPU.ActiveCfg = Debug|Any CPU
		{33DD3162-6C6D-42DC-8ECB-2790DD51BDC7}.Debug|Any CPU.Build.0 = Debug|Any CPU
		{33DD3162-6C6D-42DC-8ECB-2790DD51BDC7}.Release|Any CPU.ActiveCfg = Release|Any CPU
		{33DD3162-6C6D-42DC-8ECB-2790DD51BDC7}.Release|Any CPU.Build.0 = Release|Any CPU
		{34201B46-4D83-481A-81AA-AE5747FD45C7}.Debug|Any CPU.ActiveCfg = Debug|Any CPU
		{34201B46-4D83-481A-81AA-AE5747FD45C7}.Debug|Any CPU.Build.0 = Debug|Any CPU
		{34201B46-4D83-481A-81AA-AE5747FD45C7}.Release|Any CPU.ActiveCfg = Release|Any CPU
		{34201B46-4D83-481A-81AA-AE5747FD45C7}.Release|Any CPU.Build.0 = Release|Any CPU
		{42494E5E-009A-4004-A01E-D0E5FC2D8B99}.Debug|Any CPU.ActiveCfg = Debug|Any CPU
		{42494E5E-009A-4004-A01E-D0E5FC2D8B99}.Debug|Any CPU.Build.0 = Debug|Any CPU
		{42494E5E-009A-4004-A01E-D0E5FC2D8B99}.Release|Any CPU.ActiveCfg = Release|Any CPU
		{42494E5E-009A-4004-A01E-D0E5FC2D8B99}.Release|Any CPU.Build.0 = Release|Any CPU
	EndGlobalSection
	GlobalSection(NestedProjects) = preSolution
		{BBE280E6-5D6F-44C8-BDC6-87E3E0455F1A} = {8E528087-FC2B-4E91-A1D4-2BAF90BF996A}
		{B35E6B32-CE02-4DCD-9EB0-EA861FE7B32E} = {57D8A1FD-EA03-43A3-ABC2-C50B59BF7062}
		{1F69737B-6848-4EA4-ABF9-55F74F783C2C} = {DFE097D3-19A4-40D8-961A-C993E349168A}
		{33DD3162-6C6D-42DC-8ECB-2790DD51BDC7} = {249E12FD-FC73-4C96-A908-502585CE1AFE}
		{DFE097D3-19A4-40D8-961A-C993E349168A} = {4BB2D55D-9C81-4A90-B0E8-C9D663B21AA5}
		{8E528087-FC2B-4E91-A1D4-2BAF90BF996A} = {4BB2D55D-9C81-4A90-B0E8-C9D663B21AA5}
		{57D8A1FD-EA03-43A3-ABC2-C50B59BF7062} = {4BB2D55D-9C81-4A90-B0E8-C9D663B21AA5}
		{249E12FD-FC73-4C96-A908-502585CE1AFE} = {4BB2D55D-9C81-4A90-B0E8-C9D663B21AA5}
		{E6168CF3-E896-4D32-8F43-E1F9A1517FAB} = {374AD3A6-7C3B-478C-84C2-01F5683DF672}
		{3F47A853-44D4-4855-A372-2E3904923308} = {374AD3A6-7C3B-478C-84C2-01F5683DF672}
		{34201B46-4D83-481A-81AA-AE5747FD45C7} = {E6168CF3-E896-4D32-8F43-E1F9A1517FAB}
		{42494E5E-009A-4004-A01E-D0E5FC2D8B99} = {3F47A853-44D4-4855-A372-2E3904923308}
	EndGlobalSection
EndGlobal
